
Microsoft Visual Studio Solution File, Format Version 12.00
# Visual Studio Version 16
VisualStudioVersion = 16.0.30114.105
MinimumVisualStudioVersion = 10.0.40219.1
Project("{9A19103F-16F7-4668-BE54-9A1E7A4F7556}") = "Spoil-Block", "Spoil-Block\Spoil-Block.csproj", "{68112784-98F8-4F52-9230-0584BEDC0D65}"
EndProject
Project("{FAE04EC0-301F-11D3-BF4B-00C04F79EFBC}") = "Spoil-Block_Tests", "Spoil-Block_Tests\Spoil-Block_Tests.csproj", "{93C66ECA-615D-41DA-B347-51412E9FB4D5}"
EndProject
Global
	GlobalSection(SolutionConfigurationPlatforms) = preSolution
		Debug|Any CPU = Debug|Any CPU
		Release|Any CPU = Release|Any CPU
	EndGlobalSection
	GlobalSection(ProjectConfigurationPlatforms) = postSolution
		{68112784-98F8-4F52-9230-0584BEDC0D65}.Debug|Any CPU.ActiveCfg = Debug|Any CPU
		{68112784-98F8-4F52-9230-0584BEDC0D65}.Debug|Any CPU.Build.0 = Debug|Any CPU
		{68112784-98F8-4F52-9230-0584BEDC0D65}.Release|Any CPU.ActiveCfg = Release|Any CPU
		{68112784-98F8-4F52-9230-0584BEDC0D65}.Release|Any CPU.Build.0 = Release|Any CPU
		{93C66ECA-615D-41DA-B347-51412E9FB4D5}.Debug|Any CPU.ActiveCfg = Debug|Any CPU
		{93C66ECA-615D-41DA-B347-51412E9FB4D5}.Debug|Any CPU.Build.0 = Debug|Any CPU
		{93C66ECA-615D-41DA-B347-51412E9FB4D5}.Release|Any CPU.ActiveCfg = Release|Any CPU
		{93C66ECA-615D-41DA-B347-51412E9FB4D5}.Release|Any CPU.Build.0 = Release|Any CPU
	EndGlobalSection
	GlobalSection(SolutionProperties) = preSolution
		HideSolutionNode = FALSE
	EndGlobalSection
	GlobalSection(ExtensibilityGlobals) = postSolution
		SolutionGuid = {DA56E6B6-28CE-4DBE-8CE2-FC4D40CD3EC9}
	EndGlobalSection
EndGlobal
